// !$*UTF8*$!
{
	archiveVersion = 1;
	classes = {
	};
	objectVersion = 50;
	objects = {

/* Begin PBXBuildFile section */
		780E3169266D3BCC005D56B5 /* CameraController.swift in Sources */ = {isa = PBXBuildFile; fileRef = 780E3168266D3BCC005D56B5 /* CameraController.swift */; };
		780E3174266D55F7005D56B5 /* Raleway-VariableFont_wght.ttf in Resources */ = {isa = PBXBuildFile; fileRef = 780E3173266D55F7005D56B5 /* Raleway-VariableFont_wght.ttf */; };
		780E3176266D60A3005D56B5 /* Camera.storyboard in Resources */ = {isa = PBXBuildFile; fileRef = 780E3175266D60A3005D56B5 /* Camera.storyboard */; };
		780E317D266DEE4D005D56B5 /* Detail Composition.storyboard in Resources */ = {isa = PBXBuildFile; fileRef = 780E317C266DEE4D005D56B5 /* Detail Composition.storyboard */; };
		780E317F266DEE78005D56B5 /* DetailCompositionController.swift in Sources */ = {isa = PBXBuildFile; fileRef = 780E317E266DEE78005D56B5 /* DetailCompositionController.swift */; };
		780E3181266DF414005D56B5 /* Phosition.sqlite in Resources */ = {isa = PBXBuildFile; fileRef = 780E3180266DF414005D56B5 /* Phosition.sqlite */; };
		780E3184266DF485005D56B5 /* CongratulationController.swift in Sources */ = {isa = PBXBuildFile; fileRef = 780E3183266DF485005D56B5 /* CongratulationController.swift */; };
		780E3186266DF4AD005D56B5 /* Congratulation.storyboard in Resources */ = {isa = PBXBuildFile; fileRef = 780E3185266DF4AD005D56B5 /* Congratulation.storyboard */; };
		780E31CA26712BEF005D56B5 /* CongratulationView.swift in Sources */ = {isa = PBXBuildFile; fileRef = 780E31C926712BEF005D56B5 /* CongratulationView.swift */; };
		780E31CC2671338A005D56B5 /* CongratsPopUpController.swift in Sources */ = {isa = PBXBuildFile; fileRef = 780E31CB2671338A005D56B5 /* CongratsPopUpController.swift */; };
		780E31CE26713407005D56B5 /* CongratsPopUpView.swift in Sources */ = {isa = PBXBuildFile; fileRef = 780E31CD26713407005D56B5 /* CongratsPopUpView.swift */; };
		78C368AB2677536900F82E00 /* CompCollectionViewCell.swift in Sources */ = {isa = PBXBuildFile; fileRef = 78C368A92677536900F82E00 /* CompCollectionViewCell.swift */; };
		78C368AC2677536900F82E00 /* CompCollectionViewCell.xib in Resources */ = {isa = PBXBuildFile; fileRef = 78C368AA2677536900F82E00 /* CompCollectionViewCell.xib */; };
		78C368B02677A12000F82E00 /* AchievementCell.swift in Sources */ = {isa = PBXBuildFile; fileRef = 78C368AE2677A12000F82E00 /* AchievementCell.swift */; };
		78C368B12677A12000F82E00 /* AchievementCell.xib in Resources */ = {isa = PBXBuildFile; fileRef = 78C368AF2677A12000F82E00 /* AchievementCell.xib */; };
		78C368B32677A1BD00F82E00 /* AchievementView.swift in Sources */ = {isa = PBXBuildFile; fileRef = 78C368B22677A1BD00F82E00 /* AchievementView.swift */; };
		78C368B52677A1EA00F82E00 /* AchievementViewController + TVDataSource + TVDelegate.swift in Sources */ = {isa = PBXBuildFile; fileRef = 78C368B42677A1EA00F82E00 /* AchievementViewController + TVDataSource + TVDelegate.swift */; };
		78C368B82677A22900F82E00 /* DetailAchievementController.swift in Sources */ = {isa = PBXBuildFile; fileRef = 78C368B72677A22900F82E00 /* DetailAchievementController.swift */; };
		78C368BA2677A24D00F82E00 /* DetailAchievementView.swift in Sources */ = {isa = PBXBuildFile; fileRef = 78C368B92677A24D00F82E00 /* DetailAchievementView.swift */; };
		78C368C82678490500F82E00 /* VisionController.swift in Sources */ = {isa = PBXBuildFile; fileRef = 78C368C72678490500F82E00 /* VisionController.swift */; };
		78E42046266CD73F00CB943C /* Database.swift in Sources */ = {isa = PBXBuildFile; fileRef = 78E42045266CD73F00CB943C /* Database.swift */; };
		78EA9A60266A966B00B9D92A /* AppDelegate.swift in Sources */ = {isa = PBXBuildFile; fileRef = 78EA9A5F266A966B00B9D92A /* AppDelegate.swift */; };
		78EA9A62266A966B00B9D92A /* SceneDelegate.swift in Sources */ = {isa = PBXBuildFile; fileRef = 78EA9A61266A966B00B9D92A /* SceneDelegate.swift */; };
		78EA9A64266A966B00B9D92A /* CompositionController.swift in Sources */ = {isa = PBXBuildFile; fileRef = 78EA9A63266A966B00B9D92A /* CompositionController.swift */; };
		78EA9A67266A966B00B9D92A /* Main.storyboard in Resources */ = {isa = PBXBuildFile; fileRef = 78EA9A65266A966B00B9D92A /* Main.storyboard */; };
		78EA9A6A266A966B00B9D92A /* Phosition.xcdatamodeld in Sources */ = {isa = PBXBuildFile; fileRef = 78EA9A68266A966B00B9D92A /* Phosition.xcdatamodeld */; };
		78EA9A6C266A966C00B9D92A /* Assets.xcassets in Resources */ = {isa = PBXBuildFile; fileRef = 78EA9A6B266A966C00B9D92A /* Assets.xcassets */; };
		78EA9A6F266A966C00B9D92A /* LaunchScreen.storyboard in Resources */ = {isa = PBXBuildFile; fileRef = 78EA9A6D266A966C00B9D92A /* LaunchScreen.storyboard */; };
		78EA9A78266AA0C000B9D92A /* AchievementController.swift in Sources */ = {isa = PBXBuildFile; fileRef = 78EA9A76266AA0C000B9D92A /* AchievementController.swift */; };
		78EA9A80266AA36B00B9D92A /* Achievement.storyboard in Resources */ = {isa = PBXBuildFile; fileRef = 78EA9A7F266AA36B00B9D92A /* Achievement.storyboard */; };
		78EA9A8D266AAA2F00B9D92A /* Composition+CoreDataClass.swift in Sources */ = {isa = PBXBuildFile; fileRef = 78EA9A87266AAA2F00B9D92A /* Composition+CoreDataClass.swift */; };
		78EA9A8F266AAA2F00B9D92A /* Instruction+CoreDataClass.swift in Sources */ = {isa = PBXBuildFile; fileRef = 78EA9A89266AAA2F00B9D92A /* Instruction+CoreDataClass.swift */; };
		78EA9A91266AAA2F00B9D92A /* Achievement+CoreDataClass.swift in Sources */ = {isa = PBXBuildFile; fileRef = 78EA9A8B266AAA2F00B9D92A /* Achievement+CoreDataClass.swift */; };
		C7BEFF762671255600344E6C /* DetailCompositionView.swift in Sources */ = {isa = PBXBuildFile; fileRef = C7BEFF752671255600344E6C /* DetailCompositionView.swift */; };
		C7BEFF7B26712A1A00344E6C /* DetailCompositionDataSource+Delegate.swift in Sources */ = {isa = PBXBuildFile; fileRef = C7BEFF7A26712A1A00344E6C /* DetailCompositionDataSource+Delegate.swift */; };
		C7D1DA73266E751600ECC7E8 /* DescriptionTableViewCell.swift in Sources */ = {isa = PBXBuildFile; fileRef = C7D1DA71266E751600ECC7E8 /* DescriptionTableViewCell.swift */; };
		C7D1DA74266E751600ECC7E8 /* DescriptionTableViewCell.xib in Resources */ = {isa = PBXBuildFile; fileRef = C7D1DA72266E751600ECC7E8 /* DescriptionTableViewCell.xib */; };
		C7D1DA77266E754600ECC7E8 /* InstructionTableViewCell.swift in Sources */ = {isa = PBXBuildFile; fileRef = C7D1DA75266E754600ECC7E8 /* InstructionTableViewCell.swift */; };
		C7D1DA78266E754600ECC7E8 /* InstructionTableViewCell.xib in Resources */ = {isa = PBXBuildFile; fileRef = C7D1DA76266E754600ECC7E8 /* InstructionTableViewCell.xib */; };
/* End PBXBuildFile section */

/* Begin PBXFileReference section */
		780E3168266D3BCC005D56B5 /* CameraController.swift */ = {isa = PBXFileReference; lastKnownFileType = sourcecode.swift; path = CameraController.swift; sourceTree = "<group>"; };
		780E3173266D55F7005D56B5 /* Raleway-VariableFont_wght.ttf */ = {isa = PBXFileReference; lastKnownFileType = file; path = "Raleway-VariableFont_wght.ttf"; sourceTree = "<group>"; };
		780E3175266D60A3005D56B5 /* Camera.storyboard */ = {isa = PBXFileReference; fileEncoding = 4; lastKnownFileType = file.storyboard; path = Camera.storyboard; sourceTree = "<group>"; };
		780E317C266DEE4D005D56B5 /* Detail Composition.storyboard */ = {isa = PBXFileReference; lastKnownFileType = file.storyboard; path = "Detail Composition.storyboard"; sourceTree = "<group>"; };
		780E317E266DEE78005D56B5 /* DetailCompositionController.swift */ = {isa = PBXFileReference; lastKnownFileType = sourcecode.swift; path = DetailCompositionController.swift; sourceTree = "<group>"; };
		780E3180266DF414005D56B5 /* Phosition.sqlite */ = {isa = PBXFileReference; lastKnownFileType = file; path = Phosition.sqlite; sourceTree = "<group>"; };
		780E3183266DF485005D56B5 /* CongratulationController.swift */ = {isa = PBXFileReference; lastKnownFileType = sourcecode.swift; path = CongratulationController.swift; sourceTree = "<group>"; };
		780E3185266DF4AD005D56B5 /* Congratulation.storyboard */ = {isa = PBXFileReference; lastKnownFileType = file.storyboard; path = Congratulation.storyboard; sourceTree = "<group>"; };
		780E31C926712BEF005D56B5 /* CongratulationView.swift */ = {isa = PBXFileReference; lastKnownFileType = sourcecode.swift; path = CongratulationView.swift; sourceTree = "<group>"; };
		780E31CB2671338A005D56B5 /* CongratsPopUpController.swift */ = {isa = PBXFileReference; lastKnownFileType = sourcecode.swift; path = CongratsPopUpController.swift; sourceTree = "<group>"; };
		780E31CD26713407005D56B5 /* CongratsPopUpView.swift */ = {isa = PBXFileReference; lastKnownFileType = sourcecode.swift; path = CongratsPopUpView.swift; sourceTree = "<group>"; };
		78C368A92677536900F82E00 /* CompCollectionViewCell.swift */ = {isa = PBXFileReference; lastKnownFileType = sourcecode.swift; path = CompCollectionViewCell.swift; sourceTree = "<group>"; };
		78C368AA2677536900F82E00 /* CompCollectionViewCell.xib */ = {isa = PBXFileReference; lastKnownFileType = file.xib; path = CompCollectionViewCell.xib; sourceTree = "<group>"; };
		78C368AE2677A12000F82E00 /* AchievementCell.swift */ = {isa = PBXFileReference; lastKnownFileType = sourcecode.swift; path = AchievementCell.swift; sourceTree = "<group>"; };
		78C368AF2677A12000F82E00 /* AchievementCell.xib */ = {isa = PBXFileReference; lastKnownFileType = file.xib; path = AchievementCell.xib; sourceTree = "<group>"; };
		78C368B22677A1BD00F82E00 /* AchievementView.swift */ = {isa = PBXFileReference; lastKnownFileType = sourcecode.swift; path = AchievementView.swift; sourceTree = "<group>"; };
		78C368B42677A1EA00F82E00 /* AchievementViewController + TVDataSource + TVDelegate.swift */ = {isa = PBXFileReference; lastKnownFileType = sourcecode.swift; path = "AchievementViewController + TVDataSource + TVDelegate.swift"; sourceTree = "<group>"; };
		78C368B72677A22900F82E00 /* DetailAchievementController.swift */ = {isa = PBXFileReference; lastKnownFileType = sourcecode.swift; path = DetailAchievementController.swift; sourceTree = "<group>"; };
		78C368B92677A24D00F82E00 /* DetailAchievementView.swift */ = {isa = PBXFileReference; lastKnownFileType = sourcecode.swift; path = DetailAchievementView.swift; sourceTree = "<group>"; };
		78C368C72678490500F82E00 /* VisionController.swift */ = {isa = PBXFileReference; lastKnownFileType = sourcecode.swift; path = VisionController.swift; sourceTree = "<group>"; };
		78E42045266CD73F00CB943C /* Database.swift */ = {isa = PBXFileReference; lastKnownFileType = sourcecode.swift; path = Database.swift; sourceTree = "<group>"; };
		78EA9A5C266A966B00B9D92A /* Phosition.app */ = {isa = PBXFileReference; explicitFileType = wrapper.application; includeInIndex = 0; path = Phosition.app; sourceTree = BUILT_PRODUCTS_DIR; };
		78EA9A5F266A966B00B9D92A /* AppDelegate.swift */ = {isa = PBXFileReference; lastKnownFileType = sourcecode.swift; path = AppDelegate.swift; sourceTree = "<group>"; };
		78EA9A61266A966B00B9D92A /* SceneDelegate.swift */ = {isa = PBXFileReference; lastKnownFileType = sourcecode.swift; path = SceneDelegate.swift; sourceTree = "<group>"; };
		78EA9A63266A966B00B9D92A /* CompositionController.swift */ = {isa = PBXFileReference; lastKnownFileType = sourcecode.swift; path = CompositionController.swift; sourceTree = "<group>"; };
		78EA9A66266A966B00B9D92A /* Base */ = {isa = PBXFileReference; lastKnownFileType = file.storyboard; name = Base; path = Base.lproj/Main.storyboard; sourceTree = "<group>"; };
		78EA9A69266A966B00B9D92A /* Phosition.xcdatamodel */ = {isa = PBXFileReference; lastKnownFileType = wrapper.xcdatamodel; path = Phosition.xcdatamodel; sourceTree = "<group>"; };
		78EA9A6B266A966C00B9D92A /* Assets.xcassets */ = {isa = PBXFileReference; lastKnownFileType = folder.assetcatalog; path = Assets.xcassets; sourceTree = "<group>"; };
		78EA9A6E266A966C00B9D92A /* Base */ = {isa = PBXFileReference; lastKnownFileType = file.storyboard; name = Base; path = Base.lproj/LaunchScreen.storyboard; sourceTree = "<group>"; };
		78EA9A70266A966C00B9D92A /* Info.plist */ = {isa = PBXFileReference; lastKnownFileType = text.plist.xml; path = Info.plist; sourceTree = "<group>"; };
		78EA9A76266AA0C000B9D92A /* AchievementController.swift */ = {isa = PBXFileReference; lastKnownFileType = sourcecode.swift; path = AchievementController.swift; sourceTree = "<group>"; };
		78EA9A7F266AA36B00B9D92A /* Achievement.storyboard */ = {isa = PBXFileReference; fileEncoding = 4; lastKnownFileType = file.storyboard; path = Achievement.storyboard; sourceTree = "<group>"; };
		78EA9A87266AAA2F00B9D92A /* Composition+CoreDataClass.swift */ = {isa = PBXFileReference; lastKnownFileType = sourcecode.swift; path = "Composition+CoreDataClass.swift"; sourceTree = "<group>"; };
		78EA9A89266AAA2F00B9D92A /* Instruction+CoreDataClass.swift */ = {isa = PBXFileReference; lastKnownFileType = sourcecode.swift; path = "Instruction+CoreDataClass.swift"; sourceTree = "<group>"; };
		78EA9A8B266AAA2F00B9D92A /* Achievement+CoreDataClass.swift */ = {isa = PBXFileReference; lastKnownFileType = sourcecode.swift; path = "Achievement+CoreDataClass.swift"; sourceTree = "<group>"; };
		C7BEFF752671255600344E6C /* DetailCompositionView.swift */ = {isa = PBXFileReference; lastKnownFileType = sourcecode.swift; path = DetailCompositionView.swift; sourceTree = "<group>"; };
		C7BEFF7A26712A1A00344E6C /* DetailCompositionDataSource+Delegate.swift */ = {isa = PBXFileReference; lastKnownFileType = sourcecode.swift; path = "DetailCompositionDataSource+Delegate.swift"; sourceTree = "<group>"; };
		C7D1DA71266E751600ECC7E8 /* DescriptionTableViewCell.swift */ = {isa = PBXFileReference; lastKnownFileType = sourcecode.swift; path = DescriptionTableViewCell.swift; sourceTree = "<group>"; };
		C7D1DA72266E751600ECC7E8 /* DescriptionTableViewCell.xib */ = {isa = PBXFileReference; lastKnownFileType = file.xib; path = DescriptionTableViewCell.xib; sourceTree = "<group>"; };
		C7D1DA75266E754600ECC7E8 /* InstructionTableViewCell.swift */ = {isa = PBXFileReference; lastKnownFileType = sourcecode.swift; path = InstructionTableViewCell.swift; sourceTree = "<group>"; };
		C7D1DA76266E754600ECC7E8 /* InstructionTableViewCell.xib */ = {isa = PBXFileReference; lastKnownFileType = file.xib; path = InstructionTableViewCell.xib; sourceTree = "<group>"; };
/* End PBXFileReference section */

/* Begin PBXFrameworksBuildPhase section */
		78EA9A59266A966B00B9D92A /* Frameworks */ = {
			isa = PBXFrameworksBuildPhase;
			buildActionMask = 2147483647;
			files = (
			);
			runOnlyForDeploymentPostprocessing = 0;
		};
/* End PBXFrameworksBuildPhase section */

/* Begin PBXGroup section */
		780E3166266D3AA1005D56B5 /* PreloadData */ = {
			isa = PBXGroup;
			children = (
				780E3180266DF414005D56B5 /* Phosition.sqlite */,
			);
			path = PreloadData;
			sourceTree = "<group>";
		};
		780E3167266D3BB3005D56B5 /* Camera */ = {
			isa = PBXGroup;
			children = (
				780E3175266D60A3005D56B5 /* Camera.storyboard */,
				780E3168266D3BCC005D56B5 /* CameraController.swift */,
				78C368C72678490500F82E00 /* VisionController.swift */,
			);
			path = Camera;
			sourceTree = "<group>";
		};
		780E316D266D3C1C005D56B5 /* Composition */ = {
			isa = PBXGroup;
			children = (
				78C368A82677533700F82E00 /* CompositionCell */,
				78EA9A63266A966B00B9D92A /* CompositionController.swift */,
			);
			path = Composition;
			sourceTree = "<group>";
		};
		780E3172266D55C1005D56B5 /* Fonts */ = {
			isa = PBXGroup;
			children = (
				780E3173266D55F7005D56B5 /* Raleway-VariableFont_wght.ttf */,
			);
			path = Fonts;
			sourceTree = "<group>";
		};
		780E317B266DEE1C005D56B5 /* Detail Composition */ = {
			isa = PBXGroup;
			children = (
				780E317C266DEE4D005D56B5 /* Detail Composition.storyboard */,
				780E317E266DEE78005D56B5 /* DetailCompositionController.swift */,
				C7BEFF7A26712A1A00344E6C /* DetailCompositionDataSource+Delegate.swift */,
				C7BEFF752671255600344E6C /* DetailCompositionView.swift */,
				C74B76E0266F38CE004E8F5B /* UI */,
			);
			path = "Detail Composition";
			sourceTree = "<group>";
		};
		780E3182266DF46A005D56B5 /* Congratulation */ = {
			isa = PBXGroup;
			children = (
				780E31C826712B70005D56B5 /* PopUpCongratulation */,
				780E3183266DF485005D56B5 /* CongratulationController.swift */,
				780E3185266DF4AD005D56B5 /* Congratulation.storyboard */,
				780E31C926712BEF005D56B5 /* CongratulationView.swift */,
			);
			path = Congratulation;
			sourceTree = "<group>";
		};
		780E31C826712B70005D56B5 /* PopUpCongratulation */ = {
			isa = PBXGroup;
			children = (
				780E31CB2671338A005D56B5 /* CongratsPopUpController.swift */,
				780E31CD26713407005D56B5 /* CongratsPopUpView.swift */,
			);
			path = PopUpCongratulation;
			sourceTree = "<group>";
		};
		78C368A82677533700F82E00 /* CompositionCell */ = {
			isa = PBXGroup;
			children = (
				78C368A92677536900F82E00 /* CompCollectionViewCell.swift */,
				78C368AA2677536900F82E00 /* CompCollectionViewCell.xib */,
			);
			path = CompositionCell;
			sourceTree = "<group>";
		};
		78C368AD2677A0FB00F82E00 /* AchievementCell */ = {
			isa = PBXGroup;
			children = (
				78C368AE2677A12000F82E00 /* AchievementCell.swift */,
				78C368AF2677A12000F82E00 /* AchievementCell.xib */,
			);
			path = AchievementCell;
			sourceTree = "<group>";
		};
		78C368B62677A20000F82E00 /* DetailAchievement */ = {
			isa = PBXGroup;
			children = (
				78C368B72677A22900F82E00 /* DetailAchievementController.swift */,
				78C368B92677A24D00F82E00 /* DetailAchievementView.swift */,
			);
			path = DetailAchievement;
			sourceTree = "<group>";
		};
		78EA9A53266A966B00B9D92A = {
			isa = PBXGroup;
			children = (
				78EA9A5E266A966B00B9D92A /* Phosition */,
				78EA9A5D266A966B00B9D92A /* Products */,
			);
			sourceTree = "<group>";
		};
		78EA9A5D266A966B00B9D92A /* Products */ = {
			isa = PBXGroup;
			children = (
				78EA9A5C266A966B00B9D92A /* Phosition.app */,
			);
			name = Products;
			sourceTree = "<group>";
		};
		78EA9A5E266A966B00B9D92A /* Phosition */ = {
			isa = PBXGroup;
			children = (
				780E3182266DF46A005D56B5 /* Congratulation */,
				780E317B266DEE1C005D56B5 /* Detail Composition */,
				780E3172266D55C1005D56B5 /* Fonts */,
				78EA9A84266AA49300B9D92A /* Achievement */,
				780E3167266D3BB3005D56B5 /* Camera */,
				780E316D266D3C1C005D56B5 /* Composition */,
				78EA9A93266ABA3A00B9D92A /* Model */,
				78EA9A5F266A966B00B9D92A /* AppDelegate.swift */,
				78EA9A61266A966B00B9D92A /* SceneDelegate.swift */,
				78EA9A65266A966B00B9D92A /* Main.storyboard */,
				78EA9A6B266A966C00B9D92A /* Assets.xcassets */,
				78EA9A6D266A966C00B9D92A /* LaunchScreen.storyboard */,
				78EA9A70266A966C00B9D92A /* Info.plist */,
				78EA9A68266A966B00B9D92A /* Phosition.xcdatamodeld */,
			);
			path = Phosition;
			sourceTree = "<group>";
		};
		78EA9A84266AA49300B9D92A /* Achievement */ = {
			isa = PBXGroup;
			children = (
				78C368B62677A20000F82E00 /* DetailAchievement */,
				78C368AD2677A0FB00F82E00 /* AchievementCell */,
				78EA9A7F266AA36B00B9D92A /* Achievement.storyboard */,
				78EA9A76266AA0C000B9D92A /* AchievementController.swift */,
				78C368B22677A1BD00F82E00 /* AchievementView.swift */,
				78C368B42677A1EA00F82E00 /* AchievementViewController + TVDataSource + TVDelegate.swift */,
			);
			path = Achievement;
			sourceTree = "<group>";
		};
		78EA9A93266ABA3A00B9D92A /* Model */ = {
			isa = PBXGroup;
			children = (
				780E3166266D3AA1005D56B5 /* PreloadData */,
				78EA9A87266AAA2F00B9D92A /* Composition+CoreDataClass.swift */,
				78EA9A89266AAA2F00B9D92A /* Instruction+CoreDataClass.swift */,
				78EA9A8B266AAA2F00B9D92A /* Achievement+CoreDataClass.swift */,
				78E42045266CD73F00CB943C /* Database.swift */,
			);
			path = Model;
			sourceTree = "<group>";
		};
		C74B76E0266F38CE004E8F5B /* UI */ = {
			isa = PBXGroup;
			children = (
				C7CAF813266FC8C900CF64D3 /* DescriptionTableViewCell */,
				C7CAF814266FC8DA00CF64D3 /* InstructionTableViewCell */,
			);
			path = UI;
			sourceTree = "<group>";
		};
		C7CAF813266FC8C900CF64D3 /* DescriptionTableViewCell */ = {
			isa = PBXGroup;
			children = (
				C7D1DA71266E751600ECC7E8 /* DescriptionTableViewCell.swift */,
				C7D1DA72266E751600ECC7E8 /* DescriptionTableViewCell.xib */,
			);
			path = DescriptionTableViewCell;
			sourceTree = "<group>";
		};
		C7CAF814266FC8DA00CF64D3 /* InstructionTableViewCell */ = {
			isa = PBXGroup;
			children = (
				C7D1DA75266E754600ECC7E8 /* InstructionTableViewCell.swift */,
				C7D1DA76266E754600ECC7E8 /* InstructionTableViewCell.xib */,
			);
			path = InstructionTableViewCell;
			sourceTree = "<group>";
		};
/* End PBXGroup section */

/* Begin PBXNativeTarget section */
		78EA9A5B266A966B00B9D92A /* Phosition */ = {
			isa = PBXNativeTarget;
			buildConfigurationList = 78EA9A73266A966C00B9D92A /* Build configuration list for PBXNativeTarget "Phosition" */;
			buildPhases = (
				78EA9A58266A966B00B9D92A /* Sources */,
				78EA9A59266A966B00B9D92A /* Frameworks */,
				78EA9A5A266A966B00B9D92A /* Resources */,
			);
			buildRules = (
			);
			dependencies = (
			);
			name = Phosition;
			productName = Phosition;
			productReference = 78EA9A5C266A966B00B9D92A /* Phosition.app */;
			productType = "com.apple.product-type.application";
		};
/* End PBXNativeTarget section */

/* Begin PBXProject section */
		78EA9A54266A966B00B9D92A /* Project object */ = {
			isa = PBXProject;
			attributes = {
				LastSwiftUpdateCheck = 1250;
				LastUpgradeCheck = 1250;
				TargetAttributes = {
					78EA9A5B266A966B00B9D92A = {
						CreatedOnToolsVersion = 12.5;
					};
				};
			};
			buildConfigurationList = 78EA9A57266A966B00B9D92A /* Build configuration list for PBXProject "Phosition" */;
			compatibilityVersion = "Xcode 9.3";
			developmentRegion = en;
			hasScannedForEncodings = 0;
			knownRegions = (
				en,
				Base,
			);
			mainGroup = 78EA9A53266A966B00B9D92A;
			productRefGroup = 78EA9A5D266A966B00B9D92A /* Products */;
			projectDirPath = "";
			projectRoot = "";
			targets = (
				78EA9A5B266A966B00B9D92A /* Phosition */,
			);
		};
/* End PBXProject section */

/* Begin PBXResourcesBuildPhase section */
		78EA9A5A266A966B00B9D92A /* Resources */ = {
			isa = PBXResourcesBuildPhase;
			buildActionMask = 2147483647;
			files = (
				780E3186266DF4AD005D56B5 /* Congratulation.storyboard in Resources */,
				78C368AC2677536900F82E00 /* CompCollectionViewCell.xib in Resources */,
				78EA9A6F266A966C00B9D92A /* LaunchScreen.storyboard in Resources */,
				78C368B12677A12000F82E00 /* AchievementCell.xib in Resources */,
				C7D1DA78266E754600ECC7E8 /* InstructionTableViewCell.xib in Resources */,
				780E3176266D60A3005D56B5 /* Camera.storyboard in Resources */,
				78EA9A6C266A966C00B9D92A /* Assets.xcassets in Resources */,
				780E317D266DEE4D005D56B5 /* Detail Composition.storyboard in Resources */,
				780E3174266D55F7005D56B5 /* Raleway-VariableFont_wght.ttf in Resources */,
				C7D1DA74266E751600ECC7E8 /* DescriptionTableViewCell.xib in Resources */,
				780E3181266DF414005D56B5 /* Phosition.sqlite in Resources */,
				78EA9A80266AA36B00B9D92A /* Achievement.storyboard in Resources */,
				78EA9A67266A966B00B9D92A /* Main.storyboard in Resources */,
			);
			runOnlyForDeploymentPostprocessing = 0;
		};
/* End PBXResourcesBuildPhase section */

/* Begin PBXSourcesBuildPhase section */
		78EA9A58266A966B00B9D92A /* Sources */ = {
			isa = PBXSourcesBuildPhase;
			buildActionMask = 2147483647;
			files = (
				78EA9A8F266AAA2F00B9D92A /* Instruction+CoreDataClass.swift in Sources */,
				780E31CC2671338A005D56B5 /* CongratsPopUpController.swift in Sources */,
				780E31CE26713407005D56B5 /* CongratsPopUpView.swift in Sources */,
				78EA9A64266A966B00B9D92A /* CompositionController.swift in Sources */,
				78C368B82677A22900F82E00 /* DetailAchievementController.swift in Sources */,
				78EA9A60266A966B00B9D92A /* AppDelegate.swift in Sources */,
				780E3184266DF485005D56B5 /* CongratulationController.swift in Sources */,
				78C368BA2677A24D00F82E00 /* DetailAchievementView.swift in Sources */,
				78EA9A8D266AAA2F00B9D92A /* Composition+CoreDataClass.swift in Sources */,
				78C368B52677A1EA00F82E00 /* AchievementViewController + TVDataSource + TVDelegate.swift in Sources */,
				C7BEFF762671255600344E6C /* DetailCompositionView.swift in Sources */,
				C7D1DA77266E754600ECC7E8 /* InstructionTableViewCell.swift in Sources */,
				780E3169266D3BCC005D56B5 /* CameraController.swift in Sources */,
				780E31CA26712BEF005D56B5 /* CongratulationView.swift in Sources */,
				78EA9A78266AA0C000B9D92A /* AchievementController.swift in Sources */,
				78C368B32677A1BD00F82E00 /* AchievementView.swift in Sources */,
				780E317F266DEE78005D56B5 /* DetailCompositionController.swift in Sources */,
				78C368B02677A12000F82E00 /* AchievementCell.swift in Sources */,
				78EA9A62266A966B00B9D92A /* SceneDelegate.swift in Sources */,
				78C368C82678490500F82E00 /* VisionController.swift in Sources */,
				78E42046266CD73F00CB943C /* Database.swift in Sources */,
				78EA9A6A266A966B00B9D92A /* Phosition.xcdatamodeld in Sources */,
				C7D1DA73266E751600ECC7E8 /* DescriptionTableViewCell.swift in Sources */,
				78C368AB2677536900F82E00 /* CompCollectionViewCell.swift in Sources */,
				78EA9A91266AAA2F00B9D92A /* Achievement+CoreDataClass.swift in Sources */,
				C7BEFF7B26712A1A00344E6C /* DetailCompositionDataSource+Delegate.swift in Sources */,
			);
			runOnlyForDeploymentPostprocessing = 0;
		};
/* End PBXSourcesBuildPhase section */

/* Begin PBXVariantGroup section */
		78EA9A65266A966B00B9D92A /* Main.storyboard */ = {
			isa = PBXVariantGroup;
			children = (
				78EA9A66266A966B00B9D92A /* Base */,
			);
			name = Main.storyboard;
			sourceTree = "<group>";
		};
		78EA9A6D266A966C00B9D92A /* LaunchScreen.storyboard */ = {
			isa = PBXVariantGroup;
			children = (
				78EA9A6E266A966C00B9D92A /* Base */,
			);
			name = LaunchScreen.storyboard;
			sourceTree = "<group>";
		};
/* End PBXVariantGroup section */

/* Begin XCBuildConfiguration section */
		78EA9A71266A966C00B9D92A /* Debug */ = {
			isa = XCBuildConfiguration;
			buildSettings = {
				ALWAYS_SEARCH_USER_PATHS = NO;
				CLANG_ANALYZER_NONNULL = YES;
				CLANG_ANALYZER_NUMBER_OBJECT_CONVERSION = YES_AGGRESSIVE;
				CLANG_CXX_LANGUAGE_STANDARD = "gnu++14";
				CLANG_CXX_LIBRARY = "libc++";
				CLANG_ENABLE_MODULES = YES;
				CLANG_ENABLE_OBJC_ARC = YES;
				CLANG_ENABLE_OBJC_WEAK = YES;
				CLANG_WARN_BLOCK_CAPTURE_AUTORELEASING = YES;
				CLANG_WARN_BOOL_CONVERSION = YES;
				CLANG_WARN_COMMA = YES;
				CLANG_WARN_CONSTANT_CONVERSION = YES;
				CLANG_WARN_DEPRECATED_OBJC_IMPLEMENTATIONS = YES;
				CLANG_WARN_DIRECT_OBJC_ISA_USAGE = YES_ERROR;
				CLANG_WARN_DOCUMENTATION_COMMENTS = YES;
				CLANG_WARN_EMPTY_BODY = YES;
				CLANG_WARN_ENUM_CONVERSION = YES;
				CLANG_WARN_INFINITE_RECURSION = YES;
				CLANG_WARN_INT_CONVERSION = YES;
				CLANG_WARN_NON_LITERAL_NULL_CONVERSION = YES;
				CLANG_WARN_OBJC_IMPLICIT_RETAIN_SELF = YES;
				CLANG_WARN_OBJC_LITERAL_CONVERSION = YES;
				CLANG_WARN_OBJC_ROOT_CLASS = YES_ERROR;
				CLANG_WARN_QUOTED_INCLUDE_IN_FRAMEWORK_HEADER = YES;
				CLANG_WARN_RANGE_LOOP_ANALYSIS = YES;
				CLANG_WARN_STRICT_PROTOTYPES = YES;
				CLANG_WARN_SUSPICIOUS_MOVE = YES;
				CLANG_WARN_UNGUARDED_AVAILABILITY = YES_AGGRESSIVE;
				CLANG_WARN_UNREACHABLE_CODE = YES;
				CLANG_WARN__DUPLICATE_METHOD_MATCH = YES;
				COPY_PHASE_STRIP = NO;
				DEBUG_INFORMATION_FORMAT = dwarf;
				ENABLE_STRICT_OBJC_MSGSEND = YES;
				ENABLE_TESTABILITY = YES;
				GCC_C_LANGUAGE_STANDARD = gnu11;
				GCC_DYNAMIC_NO_PIC = NO;
				GCC_NO_COMMON_BLOCKS = YES;
				GCC_OPTIMIZATION_LEVEL = 0;
				GCC_PREPROCESSOR_DEFINITIONS = (
					"DEBUG=1",
					"$(inherited)",
				);
				GCC_WARN_64_TO_32_BIT_CONVERSION = YES;
				GCC_WARN_ABOUT_RETURN_TYPE = YES_ERROR;
				GCC_WARN_UNDECLARED_SELECTOR = YES;
				GCC_WARN_UNINITIALIZED_AUTOS = YES_AGGRESSIVE;
				GCC_WARN_UNUSED_FUNCTION = YES;
				GCC_WARN_UNUSED_VARIABLE = YES;
				IPHONEOS_DEPLOYMENT_TARGET = 14.5;
				MTL_ENABLE_DEBUG_INFO = INCLUDE_SOURCE;
				MTL_FAST_MATH = YES;
				ONLY_ACTIVE_ARCH = YES;
				SDKROOT = iphoneos;
				SWIFT_ACTIVE_COMPILATION_CONDITIONS = DEBUG;
				SWIFT_OPTIMIZATION_LEVEL = "-Onone";
			};
			name = Debug;
		};
		78EA9A72266A966C00B9D92A /* Release */ = {
			isa = XCBuildConfiguration;
			buildSettings = {
				ALWAYS_SEARCH_USER_PATHS = NO;
				CLANG_ANALYZER_NONNULL = YES;
				CLANG_ANALYZER_NUMBER_OBJECT_CONVERSION = YES_AGGRESSIVE;
				CLANG_CXX_LANGUAGE_STANDARD = "gnu++14";
				CLANG_CXX_LIBRARY = "libc++";
				CLANG_ENABLE_MODULES = YES;
				CLANG_ENABLE_OBJC_ARC = YES;
				CLANG_ENABLE_OBJC_WEAK = YES;
				CLANG_WARN_BLOCK_CAPTURE_AUTORELEASING = YES;
				CLANG_WARN_BOOL_CONVERSION = YES;
				CLANG_WARN_COMMA = YES;
				CLANG_WARN_CONSTANT_CONVERSION = YES;
				CLANG_WARN_DEPRECATED_OBJC_IMPLEMENTATIONS = YES;
				CLANG_WARN_DIRECT_OBJC_ISA_USAGE = YES_ERROR;
				CLANG_WARN_DOCUMENTATION_COMMENTS = YES;
				CLANG_WARN_EMPTY_BODY = YES;
				CLANG_WARN_ENUM_CONVERSION = YES;
				CLANG_WARN_INFINITE_RECURSION = YES;
				CLANG_WARN_INT_CONVERSION = YES;
				CLANG_WARN_NON_LITERAL_NULL_CONVERSION = YES;
				CLANG_WARN_OBJC_IMPLICIT_RETAIN_SELF = YES;
				CLANG_WARN_OBJC_LITERAL_CONVERSION = YES;
				CLANG_WARN_OBJC_ROOT_CLASS = YES_ERROR;
				CLANG_WARN_QUOTED_INCLUDE_IN_FRAMEWORK_HEADER = YES;
				CLANG_WARN_RANGE_LOOP_ANALYSIS = YES;
				CLANG_WARN_STRICT_PROTOTYPES = YES;
				CLANG_WARN_SUSPICIOUS_MOVE = YES;
				CLANG_WARN_UNGUARDED_AVAILABILITY = YES_AGGRESSIVE;
				CLANG_WARN_UNREACHABLE_CODE = YES;
				CLANG_WARN__DUPLICATE_METHOD_MATCH = YES;
				COPY_PHASE_STRIP = NO;
				DEBUG_INFORMATION_FORMAT = "dwarf-with-dsym";
				ENABLE_NS_ASSERTIONS = NO;
				ENABLE_STRICT_OBJC_MSGSEND = YES;
				GCC_C_LANGUAGE_STANDARD = gnu11;
				GCC_NO_COMMON_BLOCKS = YES;
				GCC_WARN_64_TO_32_BIT_CONVERSION = YES;
				GCC_WARN_ABOUT_RETURN_TYPE = YES_ERROR;
				GCC_WARN_UNDECLARED_SELECTOR = YES;
				GCC_WARN_UNINITIALIZED_AUTOS = YES_AGGRESSIVE;
				GCC_WARN_UNUSED_FUNCTION = YES;
				GCC_WARN_UNUSED_VARIABLE = YES;
				IPHONEOS_DEPLOYMENT_TARGET = 14.5;
				MTL_ENABLE_DEBUG_INFO = NO;
				MTL_FAST_MATH = YES;
				SDKROOT = iphoneos;
				SWIFT_COMPILATION_MODE = wholemodule;
				SWIFT_OPTIMIZATION_LEVEL = "-O";
				VALIDATE_PRODUCT = YES;
			};
			name = Release;
		};
		78EA9A74266A966C00B9D92A /* Debug */ = {
			isa = XCBuildConfiguration;
			buildSettings = {
				ASSETCATALOG_COMPILER_APPICON_NAME = AppIcon;
				ASSETCATALOG_COMPILER_GLOBAL_ACCENT_COLOR_NAME = AccentColor;
				CODE_SIGN_STYLE = Automatic;
				DEVELOPMENT_TEAM = 3BJK86B698;
				INFOPLIST_FILE = Phosition/Info.plist;
				LD_RUNPATH_SEARCH_PATHS = (
					"$(inherited)",
					"@executable_path/Frameworks",
				);
				PRODUCT_BUNDLE_IDENTIFIER = com.clara.Phosition;
				PRODUCT_NAME = "$(TARGET_NAME)";
				SWIFT_VERSION = 5.0;
				TARGETED_DEVICE_FAMILY = 1;
			};
			name = Debug;
		};
		78EA9A75266A966C00B9D92A /* Release */ = {
			isa = XCBuildConfiguration;
			buildSettings = {
				ASSETCATALOG_COMPILER_APPICON_NAME = AppIcon;
				ASSETCATALOG_COMPILER_GLOBAL_ACCENT_COLOR_NAME = AccentColor;
				CODE_SIGN_STYLE = Automatic;
				DEVELOPMENT_TEAM = 3BJK86B698;
				INFOPLIST_FILE = Phosition/Info.plist;
				LD_RUNPATH_SEARCH_PATHS = (
					"$(inherited)",
					"@executable_path/Frameworks",
				);
				PRODUCT_BUNDLE_IDENTIFIER = com.clara.Phosition;
				PRODUCT_NAME = "$(TARGET_NAME)";
				SWIFT_VERSION = 5.0;
				TARGETED_DEVICE_FAMILY = 1;
			};
			name = Release;
		};
/* End XCBuildConfiguration section */

/* Begin XCConfigurationList section */
		78EA9A57266A966B00B9D92A /* Build configuration list for PBXProject "Phosition" */ = {
			isa = XCConfigurationList;
			buildConfigurations = (
				78EA9A71266A966C00B9D92A /* Debug */,
				78EA9A72266A966C00B9D92A /* Release */,
			);
			defaultConfigurationIsVisible = 0;
			defaultConfigurationName = Release;
		};
		78EA9A73266A966C00B9D92A /* Build configuration list for PBXNativeTarget "Phosition" */ = {
			isa = XCConfigurationList;
			buildConfigurations = (
				78EA9A74266A966C00B9D92A /* Debug */,
				78EA9A75266A966C00B9D92A /* Release */,
			);
			defaultConfigurationIsVisible = 0;
			defaultConfigurationName = Release;
		};
/* End XCConfigurationList section */

/* Begin XCVersionGroup section */
		78EA9A68266A966B00B9D92A /* Phosition.xcdatamodeld */ = {
			isa = XCVersionGroup;
			children = (
				78EA9A69266A966B00B9D92A /* Phosition.xcdatamodel */,
			);
			currentVersion = 78EA9A69266A966B00B9D92A /* Phosition.xcdatamodel */;
			path = Phosition.xcdatamodeld;
			sourceTree = "<group>";
			versionGroupType = wrapper.xcdatamodel;
		};
/* End XCVersionGroup section */
	};
	rootObject = 78EA9A54266A966B00B9D92A /* Project object */;
}
